
Microsoft Visual Studio Solution File, Format Version 9.00
# Visual Studio 2005
Project("{FAE04EC0-301F-11D3-BF4B-00C04F79EFBC}") = "MapApp", "MapApp\MapApp.csproj", "{8E62B8AC-3A54-4CE6-99E9-CB6F149DCE76}"
EndProject
Project("{FAE04EC0-301F-11D3-BF4B-00C04F79EFBC}") = "Common", "Common\Common.csproj", "{35FF324C-7AA2-431F-AB61-BA72109C5601}"
EndProject
Global
	GlobalSection(SolutionConfigurationPlatforms) = preSolution
		Debug|Any CPU = Debug|Any CPU
		Release|Any CPU = Release|Any CPU
	EndGlobalSection
	GlobalSection(ProjectConfigurationPlatforms) = postSolution
		{8E62B8AC-3A54-4CE6-99E9-CB6F149DCE76}.Debug|Any CPU.ActiveCfg = Debug|Any CPU
		{8E62B8AC-3A54-4CE6-99E9-CB6F149DCE76}.Debug|Any CPU.Build.0 = Debug|Any CPU
		{8E62B8AC-3A54-4CE6-99E9-CB6F149DCE76}.Release|Any CPU.ActiveCfg = Release|Any CPU
		{8E62B8AC-3A54-4CE6-99E9-CB6F149DCE76}.Release|Any CPU.Build.0 = Release|Any CPU
		{35FF324C-7AA2-431F-AB61-BA72109C5601}.Debug|Any CPU.ActiveCfg = Debug|Any CPU
		{35FF324C-7AA2-431F-AB61-BA72109C5601}.Debug|Any CPU.Build.0 = Debug|Any CPU
		{35FF324C-7AA2-431F-AB61-BA72109C5601}.Release|Any CPU.ActiveCfg = Release|Any CPU
		{35FF324C-7AA2-431F-AB61-BA72109C5601}.Release|Any CPU.Build.0 = Release|Any CPU
	EndGlobalSection
	GlobalSection(SolutionProperties) = preSolution
		HideSolutionNode = FALSE
	EndGlobalSection
EndGlobal
